// !$*UTF8*$!
{
	archiveVersion = 1;
	classes = {
	};
	objectVersion = 46;
	objects = {

/* Begin PBXBuildFile section */
		6F3FC3FE1B0C695300836042 /* AppDelegate.swift in Sources */ = {isa = PBXBuildFile; fileRef = 6F3FC3FD1B0C695300836042 /* AppDelegate.swift */; };
		6F3FC4001B0C695300836042 /* ViewController.swift in Sources */ = {isa = PBXBuildFile; fileRef = 6F3FC3FF1B0C695300836042 /* ViewController.swift */; };
		6F3FC4031B0C695300836042 /* Main.storyboard in Resources */ = {isa = PBXBuildFile; fileRef = 6F3FC4011B0C695300836042 /* Main.storyboard */; };
		6F3FC4051B0C695300836042 /* Images.xcassets in Resources */ = {isa = PBXBuildFile; fileRef = 6F3FC4041B0C695300836042 /* Images.xcassets */; };
		6F3FC4081B0C695300836042 /* LaunchScreen.xib in Resources */ = {isa = PBXBuildFile; fileRef = 6F3FC4061B0C695300836042 /* LaunchScreen.xib */; };
		6F3FC4141B0C695300836042 /* MailboxTests.swift in Sources */ = {isa = PBXBuildFile; fileRef = 6F3FC4131B0C695300836042 /* MailboxTests.swift */; };
		6F3FC44C1B0C6B5C00836042 /* MailboxViewController.swift in Sources */ = {isa = PBXBuildFile; fileRef = 6F3FC44B1B0C6B5C00836042 /* MailboxViewController.swift */; };
/* End PBXBuildFile section */

/* Begin PBXContainerItemProxy section */
		6F3FC40E1B0C695300836042 /* PBXContainerItemProxy */ = {
			isa = PBXContainerItemProxy;
			containerPortal = 6F3FC3F01B0C695300836042 /* Project object */;
			proxyType = 1;
			remoteGlobalIDString = 6F3FC3F71B0C695300836042;
			remoteInfo = Mailbox;
		};
/* End PBXContainerItemProxy section */

/* Begin PBXFileReference section */
		6F3FC3F81B0C695300836042 /* Mailbox.app */ = {isa = PBXFileReference; explicitFileType = wrapper.application; includeInIndex = 0; path = Mailbox.app; sourceTree = BUILT_PRODUCTS_DIR; };
		6F3FC3FC1B0C695300836042 /* Info.plist */ = {isa = PBXFileReference; lastKnownFileType = text.plist.xml; path = Info.plist; sourceTree = "<group>"; };
		6F3FC3FD1B0C695300836042 /* AppDelegate.swift */ = {isa = PBXFileReference; lastKnownFileType = sourcecode.swift; path = AppDelegate.swift; sourceTree = "<group>"; };
		6F3FC3FF1B0C695300836042 /* ViewController.swift */ = {isa = PBXFileReference; lastKnownFileType = sourcecode.swift; path = ViewController.swift; sourceTree = "<group>"; };
		6F3FC4021B0C695300836042 /* Base */ = {isa = PBXFileReference; lastKnownFileType = file.storyboard; name = Base; path = Base.lproj/Main.storyboard; sourceTree = "<group>"; };
		6F3FC4041B0C695300836042 /* Images.xcassets */ = {isa = PBXFileReference; lastKnownFileType = folder.assetcatalog; path = Images.xcassets; sourceTree = "<group>"; };
		6F3FC4071B0C695300836042 /* Base */ = {isa = PBXFileReference; lastKnownFileType = file.xib; name = Base; path = Base.lproj/LaunchScreen.xib; sourceTree = "<group>"; };
		6F3FC40D1B0C695300836042 /* MailboxTests.xctest */ = {isa = PBXFileReference; explicitFileType = wrapper.cfbundle; includeInIndex = 0; path = MailboxTests.xctest; sourceTree = BUILT_PRODUCTS_DIR; };
		6F3FC4121B0C695300836042 /* Info.plist */ = {isa = PBXFileReference; lastKnownFileType = text.plist.xml; path = Info.plist; sourceTree = "<group>"; };
		6F3FC4131B0C695300836042 /* MailboxTests.swift */ = {isa = PBXFileReference; lastKnownFileType = sourcecode.swift; path = MailboxTests.swift; sourceTree = "<group>"; };
		6F3FC44B1B0C6B5C00836042 /* MailboxViewController.swift */ = {isa = PBXFileReference; fileEncoding = 4; lastKnownFileType = sourcecode.swift; path = MailboxViewController.swift; sourceTree = "<group>"; };
/* End PBXFileReference section */

/* Begin PBXFrameworksBuildPhase section */
		6F3FC3F51B0C695300836042 /* Frameworks */ = {
			isa = PBXFrameworksBuildPhase;
			buildActionMask = 2147483647;
			files = (
			);
			runOnlyForDeploymentPostprocessing = 0;
		};
		6F3FC40A1B0C695300836042 /* Frameworks */ = {
			isa = PBXFrameworksBuildPhase;
			buildActionMask = 2147483647;
			files = (
			);
			runOnlyForDeploymentPostprocessing = 0;
		};
/* End PBXFrameworksBuildPhase section */

/* Begin PBXGroup section */
		6F3FC3EF1B0C695300836042 = {
			isa = PBXGroup;
			children = (
				6F3FC3FA1B0C695300836042 /* Mailbox */,
				6F3FC4101B0C695300836042 /* MailboxTests */,
				6F3FC3F91B0C695300836042 /* Products */,
			);
			sourceTree = "<group>";
		};
		6F3FC3F91B0C695300836042 /* Products */ = {
			isa = PBXGroup;
			children = (
				6F3FC3F81B0C695300836042 /* Mailbox.app */,
				6F3FC40D1B0C695300836042 /* MailboxTests.xctest */,
			);
			name = Products;
			sourceTree = "<group>";
		};
		6F3FC3FA1B0C695300836042 /* Mailbox */ = {
			isa = PBXGroup;
			children = (
				6F3FC3FD1B0C695300836042 /* AppDelegate.swift */,
				6F3FC3FF1B0C695300836042 /* ViewController.swift */,
				6F3FC4011B0C695300836042 /* Main.storyboard */,
				6F3FC44B1B0C6B5C00836042 /* MailboxViewController.swift */,
				6F3FC4041B0C695300836042 /* Images.xcassets */,
				6F3FC4061B0C695300836042 /* LaunchScreen.xib */,
				6F3FC3FB1B0C695300836042 /* Supporting Files */,
			);
			path = Mailbox;
			sourceTree = "<group>";
		};
		6F3FC3FB1B0C695300836042 /* Supporting Files */ = {
			isa = PBXGroup;
			children = (
				6F3FC3FC1B0C695300836042 /* Info.plist */,
			);
			name = "Supporting Files";
			sourceTree = "<group>";
		};
		6F3FC4101B0C695300836042 /* MailboxTests */ = {
			isa = PBXGroup;
			children = (
				6F3FC4131B0C695300836042 /* MailboxTests.swift */,
				6F3FC4111B0C695300836042 /* Supporting Files */,
			);
			path = MailboxTests;
			sourceTree = "<group>";
		};
		6F3FC4111B0C695300836042 /* Supporting Files */ = {
			isa = PBXGroup;
			children = (
				6F3FC4121B0C695300836042 /* Info.plist */,
			);
			name = "Supporting Files";
			sourceTree = "<group>";
		};
/* End PBXGroup section */

/* Begin PBXNativeTarget section */
		6F3FC3F71B0C695300836042 /* Mailbox */ = {
			isa = PBXNativeTarget;
			buildConfigurationList = 6F3FC4171B0C695300836042 /* Build configuration list for PBXNativeTarget "Mailbox" */;
			buildPhases = (
				6F3FC3F41B0C695300836042 /* Sources */,
				6F3FC3F51B0C695300836042 /* Frameworks */,
				6F3FC3F61B0C695300836042 /* Resources */,
			);
			buildRules = (
			);
			dependencies = (
			);
			name = Mailbox;
			productName = Mailbox;
			productReference = 6F3FC3F81B0C695300836042 /* Mailbox.app */;
			productType = "com.apple.product-type.application";
		};
		6F3FC40C1B0C695300836042 /* MailboxTests */ = {
			isa = PBXNativeTarget;
			buildConfigurationList = 6F3FC41A1B0C695300836042 /* Build configuration list for PBXNativeTarget "MailboxTests" */;
			buildPhases = (
				6F3FC4091B0C695300836042 /* Sources */,
				6F3FC40A1B0C695300836042 /* Frameworks */,
				6F3FC40B1B0C695300836042 /* Resources */,
			);
			buildRules = (
			);
			dependencies = (
				6F3FC40F1B0C695300836042 /* PBXTargetDependency */,
			);
			name = MailboxTests;
			productName = MailboxTests;
			productReference = 6F3FC40D1B0C695300836042 /* MailboxTests.xctest */;
			productType = "com.apple.product-type.bundle.unit-test";
		};
/* End PBXNativeTarget section */

/* Begin PBXProject section */
		6F3FC3F01B0C695300836042 /* Project object */ = {
			isa = PBXProject;
			attributes = {
				LastUpgradeCheck = 0630;
				ORGANIZATIONNAME = "Min Hu";
				TargetAttributes = {
					6F3FC3F71B0C695300836042 = {
						CreatedOnToolsVersion = 6.3.1;
					};
					6F3FC40C1B0C695300836042 = {
						CreatedOnToolsVersion = 6.3.1;
						TestTargetID = 6F3FC3F71B0C695300836042;
					};
				};
			};
			buildConfigurationList = 6F3FC3F31B0C695300836042 /* Build configuration list for PBXProject "Mailbox" */;
			compatibilityVersion = "Xcode 3.2";
			developmentRegion = English;
			hasScannedForEncodings = 0;
			knownRegions = (
				en,
				Base,
			);
			mainGroup = 6F3FC3EF1B0C695300836042;
			productRefGroup = 6F3FC3F91B0C695300836042 /* Products */;
			projectDirPath = "";
			projectRoot = "";
			targets = (
				6F3FC3F71B0C695300836042 /* Mailbox */,
				6F3FC40C1B0C695300836042 /* MailboxTests */,
			);
		};
/* End PBXProject section */

/* Begin PBXResourcesBuildPhase section */
		6F3FC3F61B0C695300836042 /* Resources */ = {
			isa = PBXResourcesBuildPhase;
			buildActionMask = 2147483647;
			files = (
				6F3FC4031B0C695300836042 /* Main.storyboard in Resources */,
				6F3FC4081B0C695300836042 /* LaunchScreen.xib in Resources */,
				6F3FC4051B0C695300836042 /* Images.xcassets in Resources */,
			);
			runOnlyForDeploymentPostprocessing = 0;
		};
		6F3FC40B1B0C695300836042 /* Resources */ = {
			isa = PBXResourcesBuildPhase;
			buildActionMask = 2147483647;
			files = (
			);
			runOnlyForDeploymentPostprocessing = 0;
		};
/* End PBXResourcesBuildPhase section */

/* Begin PBXSourcesBuildPhase section */
		6F3FC3F41B0C695300836042 /* Sources */ = {
			isa = PBXSourcesBuildPhase;
			buildActionMask = 2147483647;
			files = (
				6F3FC4001B0C695300836042 /* ViewController.swift in Sources */,
				6F3FC3FE1B0C695300836042 /* AppDelegate.swift in Sources */,
				6F3FC44C1B0C6B5C00836042 /* MailboxViewController.swift in Sources */,
			);
			runOnlyForDeploymentPostprocessing = 0;
		};
		6F3FC4091B0C695300836042 /* Sources */ = {
			isa = PBXSourcesBuildPhase;
			buildActionMask = 2147483647;
			files = (
				6F3FC4141B0C695300836042 /* MailboxTests.swift in Sources */,
			);
			runOnlyForDeploymentPostprocessing = 0;
		};
/* End PBXSourcesBuildPhase section */

/* Begin PBXTargetDependency section */
		6F3FC40F1B0C695300836042 /* PBXTargetDependency */ = {
			isa = PBXTargetDependency;
			target = 6F3FC3F71B0C695300836042 /* Mailbox */;
			targetProxy = 6F3FC40E1B0C695300836042 /* PBXContainerItemProxy */;
		};
/* End PBXTargetDependency section */

/* Begin PBXVariantGroup section */
		6F3FC4011B0C695300836042 /* Main.storyboard */ = {
			isa = PBXVariantGroup;
			children = (
				6F3FC4021B0C695300836042 /* Base */,
			);
			name = Main.storyboard;
			sourceTree = "<group>";
		};
		6F3FC4061B0C695300836042 /* LaunchScreen.xib */ = {
			isa = PBXVariantGroup;
			children = (
				6F3FC4071B0C695300836042 /* Base */,
			);
			name = LaunchScreen.xib;
			sourceTree = "<group>";
		};
/* End PBXVariantGroup section */

/* Begin XCBuildConfiguration section */
		6F3FC4151B0C695300836042 /* Debug */ = {
			isa = XCBuildConfiguration;
			buildSettings = {
				ALWAYS_SEARCH_USER_PATHS = NO;
				CLANG_CXX_LANGUAGE_STANDARD = "gnu++0x";
				CLANG_CXX_LIBRARY = "libc++";
				CLANG_ENABLE_MODULES = YES;
				CLANG_ENABLE_OBJC_ARC = YES;
				CLANG_WARN_BOOL_CONVERSION = YES;
				CLANG_WARN_CONSTANT_CONVERSION = YES;
				CLANG_WARN_DIRECT_OBJC_ISA_USAGE = YES_ERROR;
				CLANG_WARN_EMPTY_BODY = YES;
				CLANG_WARN_ENUM_CONVERSION = YES;
				CLANG_WARN_INT_CONVERSION = YES;
				CLANG_WARN_OBJC_ROOT_CLASS = YES_ERROR;
				CLANG_WARN_UNREACHABLE_CODE = YES;
				CLANG_WARN__DUPLICATE_METHOD_MATCH = YES;
				"CODE_SIGN_IDENTITY[sdk=iphoneos*]" = "iPhone Developer";
				COPY_PHASE_STRIP = NO;
				DEBUG_INFORMATION_FORMAT = "dwarf-with-dsym";
				ENABLE_STRICT_OBJC_MSGSEND = YES;
				GCC_C_LANGUAGE_STANDARD = gnu99;
				GCC_DYNAMIC_NO_PIC = NO;
				GCC_NO_COMMON_BLOCKS = YES;
				GCC_OPTIMIZATION_LEVEL = 0;
				GCC_PREPROCESSOR_DEFINITIONS = (
					"DEBUG=1",
					"$(inherited)",
				);
				GCC_SYMBOLS_PRIVATE_EXTERN = NO;
				GCC_WARN_64_TO_32_BIT_CONVERSION = YES;
				GCC_WARN_ABOUT_RETURN_TYPE = YES_ERROR;
				GCC_WARN_UNDECLARED_SELECTOR = YES;
				GCC_WARN_UNINITIALIZED_AUTOS = YES_AGGRESSIVE;
				GCC_WARN_UNUSED_FUNCTION = YES;
				GCC_WARN_UNUSED_VARIABLE = YES;
				IPHONEOS_DEPLOYMENT_TARGET = 8.3;
				MTL_ENABLE_DEBUG_INFO = YES;
				ONLY_ACTIVE_ARCH = YES;
				SDKROOT = iphoneos;
				SWIFT_OPTIMIZATION_LEVEL = "-Onone";
			};
			name = Debug;
		};
		6F3FC4161B0C695300836042 /* Release */ = {
			isa = XCBuildConfiguration;
			buildSettings = {
				ALWAYS_SEARCH_USER_PATHS = NO;
				CLANG_CXX_LANGUAGE_STANDARD = "gnu++0x";
				CLANG_CXX_LIBRARY = "libc++";
				CLANG_ENABLE_MODULES = YES;
				CLANG_ENABLE_OBJC_ARC = YES;
				CLANG_WARN_BOOL_CONVERSION = YES;
				CLANG_WARN_CONSTANT_CONVERSION = YES;
				CLANG_WARN_DIRECT_OBJC_ISA_USAGE = YES_ERROR;
				CLANG_WARN_EMPTY_BODY = YES;
				CLANG_WARN_ENUM_CONVERSION = YES;
				CLANG_WARN_INT_CONVERSION = YES;
				CLANG_WARN_OBJC_ROOT_CLASS = YES_ERROR;
				CLANG_WARN_UNREACHABLE_CODE = YES;
				CLANG_WARN__DUPLICATE_METHOD_MATCH = YES;
				"CODE_SIGN_IDENTITY[sdk=iphoneos*]" = "iPhone Developer";
				COPY_PHASE_STRIP = NO;
				DEBUG_INFORMATION_FORMAT = "dwarf-with-dsym";
				ENABLE_NS_ASSERTIONS = NO;
				ENABLE_STRICT_OBJC_MSGSEND = YES;
				GCC_C_LANGUAGE_STANDARD = gnu99;
				GCC_NO_COMMON_BLOCKS = YES;
				GCC_WARN_64_TO_32_BIT_CONVERSION = YES;
				GCC_WARN_ABOUT_RETURN_TYPE = YES_ERROR;
				GCC_WARN_UNDECLARED_SELECTOR = YES;
				GCC_WARN_UNINITIALIZED_AUTOS = YES_AGGRESSIVE;
				GCC_WARN_UNUSED_FUNCTION = YES;
				GCC_WARN_UNUSED_VARIABLE = YES;
				IPHONEOS_DEPLOYMENT_TARGET = 8.3;
				MTL_ENABLE_DEBUG_INFO = NO;
				SDKROOT = iphoneos;
				VALIDATE_PRODUCT = YES;
			};
			name = Release;
		};
		6F3FC4181B0C695300836042 /* Debug */ = {
			isa = XCBuildConfiguration;
			buildSettings = {
				ASSETCATALOG_COMPILER_APPICON_NAME = AppIcon;
				ASSETCATALOG_COMPILER_LAUNCHIMAGE_NAME = LaunchImage;
				INFOPLIST_FILE = Mailbox/Info.plist;
				LD_RUNPATH_SEARCH_PATHS = "$(inherited) @executable_path/Frameworks";
				PRODUCT_NAME = "$(TARGET_NAME)";
			};
			name = Debug;
		};
		6F3FC4191B0C695300836042 /* Release */ = {
			isa = XCBuildConfiguration;
			buildSettings = {
				ASSETCATALOG_COMPILER_APPICON_NAME = AppIcon;
				ASSETCATALOG_COMPILER_LAUNCHIMAGE_NAME = LaunchImage;
				INFOPLIST_FILE = Mailbox/Info.plist;
				LD_RUNPATH_SEARCH_PATHS = "$(inherited) @executable_path/Frameworks";
				PRODUCT_NAME = "$(TARGET_NAME)";
			};
			name = Release;
		};
		6F3FC41B1B0C695300836042 /* Debug */ = {
			isa = XCBuildConfiguration;
			buildSettings = {
				BUNDLE_LOADER = "$(TEST_HOST)";
				FRAMEWORK_SEARCH_PATHS = (
					"$(SDKROOT)/Developer/Library/Frameworks",
					"$(inherited)",
				);
				GCC_PREPROCESSOR_DEFINITIONS = (
					"DEBUG=1",
					"$(inherited)",
				);
				INFOPLIST_FILE = MailboxTests/Info.plist;
				LD_RUNPATH_SEARCH_PATHS = "$(inherited) @executable_path/Frameworks @loader_path/Frameworks";
				PRODUCT_NAME = "$(TARGET_NAME)";
				TEST_HOST = "$(BUILT_PRODUCTS_DIR)/Mailbox.app/Mailbox";
			};
			name = Debug;
		};
		6F3FC41C1B0C695300836042 /* Release */ = {
			isa = XCBuildConfiguration;
			buildSettings = {
				BUNDLE_LOADER = "$(TEST_HOST)";
				FRAMEWORK_SEARCH_PATHS = (
					"$(SDKROOT)/Developer/Library/Frameworks",
					"$(inherited)",
				);
				INFOPLIST_FILE = MailboxTests/Info.plist;
				LD_RUNPATH_SEARCH_PATHS = "$(inherited) @executable_path/Frameworks @loader_path/Frameworks";
				PRODUCT_NAME = "$(TARGET_NAME)";
				TEST_HOST = "$(BUILT_PRODUCTS_DIR)/Mailbox.app/Mailbox";
			};
			name = Release;
		};
/* End XCBuildConfiguration section */

/* Begin XCConfigurationList section */
		6F3FC3F31B0C695300836042 /* Build configuration list for PBXProject "Mailbox" */ = {
			isa = XCConfigurationList;
			buildConfigurations = (
				6F3FC4151B0C695300836042 /* Debug */,
				6F3FC4161B0C695300836042 /* Release */,
			);
			defaultConfigurationIsVisible = 0;
			defaultConfigurationName = Release;
		};
		6F3FC4171B0C695300836042 /* Build configuration list for PBXNativeTarget "Mailbox" */ = {
			isa = XCConfigurationList;
			buildConfigurations = (
				6F3FC4181B0C695300836042 /* Debug */,
				6F3FC4191B0C695300836042 /* Release */,
			);
			defaultConfigurationIsVisible = 0;
			defaultConfigurationName = Release;
		};
		6F3FC41A1B0C695300836042 /* Build configuration list for PBXNativeTarget "MailboxTests" */ = {
			isa = XCConfigurationList;
			buildConfigurations = (
				6F3FC41B1B0C695300836042 /* Debug */,
				6F3FC41C1B0C695300836042 /* Release */,
			);
			defaultConfigurationIsVisible = 0;
			defaultConfigurationName = Release;
		};
/* End XCConfigurationList section */
	};
	rootObject = 6F3FC3F01B0C695300836042 /* Project object */;
}
